<?xml version="1.0" encoding="utf-8"?>
<Project ToolsVersion="4.0" xmlns="http://schemas.microsoft.com/developer/msbuild/2003">
  <ItemGroup>
    <ClCompile Include="main.cpp" />
    <ClCompile Include="..\..\third-party\plugin-sdk\plugin_sa\game_sa\CCheat.cpp">
      <Filter>plugin_sdk</Filter>
    </ClCompile>
    <ClCompile Include="..\..\third-party\plugin-sdk\shared\DynAddress.cpp">
      <Filter>plugin_sdk</Filter>
    </ClCompile>
    <ClCompile Include="..\..\third-party\plugin-sdk\shared\GameVersion.cpp">
      <Filter>plugin_sdk</Filter>
    </ClCompile>
    <ClCompile Include="..\..\third-party\plugin-sdk\shared\Patch.cpp">
      <Filter>plugin_sdk</Filter>
    </ClCompile>
    <ClCompile Include="..\..\third-party\plugin-sdk\plugin_sa\game_sa\CTimer.cpp">
      <Filter>plugin_sdk</Filter>
    </ClCompile>
    <ClCompile Include="..\..\third-party\plugin-sdk\plugin_sa\game_sa\CControllerConfigManager.cpp">
      <Filter>plugin_sdk</Filter>
    </ClCompile>
    <ClCompile Include="..\..\third-party\plugin-sdk\plugin_sa\game_sa\CText.cpp">
      <Filter>plugin_sdk</Filter>
    </ClCompile>
    <ClCompile Include="..\..\third-party\plugin-sdk\plugin_sa\game_sa\CMessages.cpp">
      <Filter>plugin_sdk</Filter>
    </ClCompile>
  </ItemGroup>
  <ItemGroup>
    <ResourceCompile Include="..\Resource.rc" />
  </ItemGroup>
  <ItemGroup>
    <Filter Include="plugin_sdk">
      <UniqueIdentifier>{1fde55a7-7849-4e41-a39b-c811e109587d}</UniqueIdentifier>
    </Filter>
  </ItemGroup>
</Project>